{
  "name": "ichnaea",
  "version": "1.1.0",
  "dependencies": {
    "clean-css": {
      "version": "2.2.9",
      "from": "clean-css@>2.2.0",
      "resolved": "https://registry.npmjs.org/clean-css/-/clean-css-2.2.9.tgz",
      "dependencies": {
        "commander": {
          "version": "2.2.0",
          "from": "commander@2.2.x",
          "resolved": "https://registry.npmjs.org/commander/-/commander-2.2.0.tgz"
        }
      }
    },
    "uglify-js": {
      "version": "2.4.15",
      "from": "uglify-js@>2.4.0",
      "resolved": "https://registry.npmjs.org/uglify-js/-/uglify-js-2.4.15.tgz",
      "dependencies": {
        "async": {
          "version": "0.2.10",
          "from": "async@~0.2.6",
          "resolved": "https://registry.npmjs.org/async/-/async-0.2.10.tgz"
        },
        "source-map": {
          "version": "0.1.34",
          "from": "source-map@0.1.34",
          "resolved": "https://registry.npmjs.org/source-map/-/source-map-0.1.34.tgz",
          "dependencies": {
            "amdefine": {
              "version": "0.1.0",
              "from": "amdefine@>=0.0.4",
              "resolved": "https://registry.npmjs.org/amdefine/-/amdefine-0.1.0.tgz"
            }
          }
        },
        "optimist": {
          "version": "0.3.7",
          "from": "optimist@~0.3.5",
          "resolved": "https://registry.npmjs.org/optimist/-/optimist-0.3.7.tgz",
          "dependencies": {
            "wordwrap": {
              "version": "0.0.2",
              "from": "wordwrap@~0.0.2",
              "resolved": "https://registry.npmjs.org/wordwrap/-/wordwrap-0.0.2.tgz"
            }
          }
        },
        "uglify-to-browserify": {
          "version": "1.0.2",
          "from": "uglify-to-browserify@~1.0.0",
          "resolved": "https://registry.npmjs.org/uglify-to-browserify/-/uglify-to-browserify-1.0.2.tgz"
        }
      }
    }
  }
}
