{
  "name": "ichnaea",
  "version": "0.0.0",
  "lockfileVersion": 1,
  "dependencies": {
    "balanced-match": {
      "version": "1.0.0",
      "resolved": "https://registry.npmjs.org/balanced-match/-/balanced-match-1.0.0.tgz",
      "integrity": "sha1-ibTRmasr7kneFk6gK4nORi1xt2c=",
      "dev": true
    },
    "brace-expansion": {
      "version": "1.1.8",
      "resolved": "https://registry.npmjs.org/brace-expansion/-/brace-expansion-1.1.8.tgz",
      "integrity": "sha1-wHshHHyVLsH479Uad+8NHTmQopI=",
      "dev": true
    },
    "clean-css": {
      "version": "4.1.4",
      "resolved": "https://registry.npmjs.org/clean-css/-/clean-css-4.1.4.tgz",
      "integrity": "sha1-7siBHbJ0V+AHjYypIfqBty+oK/Q=",
      "dev": true
    },
    "clean-css-cli": {
      "version": "4.1.5",
      "resolved": "https://registry.npmjs.org/clean-css-cli/-/clean-css-cli-4.1.5.tgz",
      "integrity": "sha1-SgK3H+5Dn+DPGiWIEAj4TzcsJuM=",
      "dev": true
    },
    "commander": {
      "version": "2.9.0",
      "resolved": "https://registry.npmjs.org/commander/-/commander-2.9.0.tgz",
      "integrity": "sha1-nJkJQXbhIkDLItbFFGCYQA/g99Q=",
      "dev": true
    },
    "concat-map": {
      "version": "0.0.1",
      "resolved": "https://registry.npmjs.org/concat-map/-/concat-map-0.0.1.tgz",
      "integrity": "sha1-2Klr13/Wjfd5OnMDajug1UBdR3s=",
      "dev": true
    },
    "corslite": {
      "version": "0.0.6",
      "resolved": "https://registry.npmjs.org/corslite/-/corslite-0.0.6.tgz",
      "integrity": "sha1-YilU4UwzhSEjxMaPo97/qeLRyJY=",
      "dev": true
    },
    "datatables": {
      "version": "1.10.13",
      "resolved": "https://registry.npmjs.org/datatables/-/datatables-1.10.13.tgz",
      "integrity": "sha1-m7Lexvfc8CBJoA5PDn0/4AnDk0Y=",
      "dev": true
    },
    "font-awesome": {
      "version": "4.7.0",
      "resolved": "https://registry.npmjs.org/font-awesome/-/font-awesome-4.7.0.tgz",
      "integrity": "sha1-j6jPBBGhoxr9B7BtKQK7n8gVoTM=",
      "dev": true
    },
    "fs.realpath": {
      "version": "1.0.0",
      "resolved": "https://registry.npmjs.org/fs.realpath/-/fs.realpath-1.0.0.tgz",
      "integrity": "sha1-FQStJSMVjKpA20onh8sBQRmU6k8=",
      "dev": true
    },
    "glob": {
      "version": "7.1.2",
      "resolved": "https://registry.npmjs.org/glob/-/glob-7.1.2.tgz",
      "integrity": "sha512-MJTUg1kjuLeQCJ+ccE4Vpa6kKVXkPYJ2mOCQyUuKLcLQsdrMCpBPUi8qVE6+YuaJkozeA9NusTAw3hLr8Xe5EQ==",
      "dev": true
    },
    "graceful-readlink": {
      "version": "1.0.1",
      "resolved": "https://registry.npmjs.org/graceful-readlink/-/graceful-readlink-1.0.1.tgz",
      "integrity": "sha1-TK+tdrxi8C+gObL5Tpo906ORpyU=",
      "dev": true
    },
    "inflight": {
      "version": "1.0.6",
      "resolved": "https://registry.npmjs.org/inflight/-/inflight-1.0.6.tgz",
      "integrity": "sha1-Sb1jMdfQLQwJvJEKEHW6gWW1bfk=",
      "dev": true
    },
    "inherits": {
      "version": "2.0.3",
      "resolved": "https://registry.npmjs.org/inherits/-/inherits-2.0.3.tgz",
      "integrity": "sha1-Yzwsg+PaQqUC9SRmAiSA9CCCYd4=",
      "dev": true
    },
    "isarray": {
      "version": "0.0.1",
      "resolved": "https://registry.npmjs.org/isarray/-/isarray-0.0.1.tgz",
      "integrity": "sha1-ihis/Kmo9Bd+Cav8YDiTmwXR7t8=",
      "dev": true
    },
    "jquery": {
      "version": "2.2.4",
      "resolved": "https://registry.npmjs.org/jquery/-/jquery-2.2.4.tgz",
      "integrity": "sha1-LInWiJterFIqfuoywUUhVZxsvwI=",
      "dev": true
    },
    "jquery-flot": {
      "version": "0.8.3",
      "resolved": "https://registry.npmjs.org/jquery-flot/-/jquery-flot-0.8.3.tgz",
      "integrity": "sha1-onOs9D8TGQ9ueHAYae4kv+8Swio=",
      "dev": true
    },
    "leaflet": {
      "version": "1.0.2",
      "resolved": "https://registry.npmjs.org/leaflet/-/leaflet-1.0.2.tgz",
      "integrity": "sha1-+k+8t4RJRPwr+wvPnKDeoTRjyiE=",
      "dev": true
    },
    "leaflet-hash": {
      "version": "0.2.1",
      "resolved": "https://registry.npmjs.org/leaflet-hash/-/leaflet-hash-0.2.1.tgz",
      "integrity": "sha1-w2xxg0fFJDAztXy0uuomEZ2CxwE=",
      "dev": true
    },
    "leaflet.locatecontrol": {
      "version": "0.61.0",
      "resolved": "https://registry.npmjs.org/leaflet.locatecontrol/-/leaflet.locatecontrol-0.61.0.tgz",
      "integrity": "sha1-3el6xNJyIYrBbOqlBVpOVzKNocY=",
      "dev": true
    },
    "mapbox.js": {
      "version": "3.1.1",
      "resolved": "https://registry.npmjs.org/mapbox.js/-/mapbox.js-3.1.1.tgz",
      "integrity": "sha1-Tr5BvYm1M/UH+zRV9PSQ5BfqHo8=",
      "dev": true
    },
    "minimatch": {
      "version": "3.0.4",
      "resolved": "https://registry.npmjs.org/minimatch/-/minimatch-3.0.4.tgz",
      "integrity": "sha512-yJHVQEhyqPLUTgt9B83PXu6W3rx4MvvHvSUvToogpwoGDOUQ+yDrR0HRot+yOCdCO7u4hX3pWft6kWBBcqh0UA==",
      "dev": true
    },
    "mustache": {
      "version": "2.2.1",
      "resolved": "https://registry.npmjs.org/mustache/-/mustache-2.2.1.tgz",
      "integrity": "sha1-LEDKIcJ49TFQaCvPkJDkGjM5uHY=",
      "dev": true
    },
    "once": {
      "version": "1.4.0",
      "resolved": "https://registry.npmjs.org/once/-/once-1.4.0.tgz",
      "integrity": "sha1-WDsap3WWHUsROsF9nFC6753Xa9E=",
      "dev": true
    },
    "path-is-absolute": {
      "version": "1.0.1",
      "resolved": "https://registry.npmjs.org/path-is-absolute/-/path-is-absolute-1.0.1.tgz",
      "integrity": "sha1-F0uSaHNVNP+8es5r9TpanhtcX18=",
      "dev": true
    },
    "sanitize-caja": {
      "version": "0.1.4",
      "resolved": "https://registry.npmjs.org/sanitize-caja/-/sanitize-caja-0.1.4.tgz",
      "integrity": "sha1-eAPo5FK447rLNC29k624hazQeK8=",
      "dev": true
    },
    "source-map": {
      "version": "0.5.6",
      "resolved": "https://registry.npmjs.org/source-map/-/source-map-0.5.6.tgz",
      "integrity": "sha1-dc449SvwczxafwwRjYEzSiu19BI=",
      "dev": true
    },
    "uglify-js": {
      "version": "3.0.17",
      "resolved": "https://registry.npmjs.org/uglify-js/-/uglify-js-3.0.17.tgz",
      "integrity": "sha1-0ijNVcLfmz0vU/FHVoy0zEpyzAY=",
      "dev": true
    },
    "wrappy": {
      "version": "1.0.2",
      "resolved": "https://registry.npmjs.org/wrappy/-/wrappy-1.0.2.tgz",
      "integrity": "sha1-tSQ9jz7BqjXxNkYFvA0QNuMKtp8=",
      "dev": true
    }
  }
}
